{
  "name": "medium-blogging",
  "lockfileVersion": 3,
  "requires": true,
  "packages": {
    "": {
      "dependencies": {
        "@prisma/client": "^7.2.0",
        "@prisma/extension-accelerate": "^3.0.1"
      }
    },
    "node_modules/@prisma/client": {
      "version": "7.2.0",
      "resolved": "https://registry.npmjs.org/@prisma/client/-/client-7.2.0.tgz",
      "integrity": "sha512-JdLF8lWZ+LjKGKpBqyAlenxd/kXjd1Abf/xK+6vUA7R7L2Suo6AFTHFRpPSdAKCan9wzdFApsUpSa/F6+t1AtA==",
      "dependencies": {
        "@prisma/client-runtime-utils": "7.2.0"
      },
      "engines": {
        "node": "^20.19 || ^22.12 || >=24.0"
      },
      "peerDependencies": {
        "prisma": "*",
        "typescript": ">=5.4.0"
      },
      "peerDependenciesMeta": {
        "prisma": {
          "optional": true
        },
        "typescript": {
          "optional": true
        }
      }
    },
    "node_modules/@prisma/client-runtime-utils": {
      "version": "7.2.0",
      "resolved": "https://registry.npmjs.org/@prisma/client-runtime-utils/-/client-runtime-utils-7.2.0.tgz",
      "integrity": "sha512-dn7oB53v0tqkB0wBdMuTNFNPdEbfICEUe82Tn9FoKAhJCUkDH+fmyEp0ClciGh+9Hp2Tuu2K52kth2MTLstvmA=="
    },
    "node_modules/@prisma/extension-accelerate": {
      "version": "3.0.1",
      "resolved": "https://registry.npmjs.org/@prisma/extension-accelerate/-/extension-accelerate-3.0.1.tgz",
      "integrity": "sha512-xc+kn4AjjTzS9jsdD1JWCebB09y0Aj+C8GjjG7oUm81PF9psvmJOw5rxpl7tOEBz/8hmuNX996XL28ys/OLxVA==",
      "engines": {
        "node": ">=22"
      },
      "peerDependencies": {
        "@prisma/client": ">=4.16.1"
      }
    }
  }
}
